// !$*UTF8*$!
{
	archiveVersion = 1;
	classes = {
	};
	objectVersion = 50;
	objects = {

/* Begin PBXBuildFile section */
		3710F1F221978CE5009629BB /* example.html in Resources */ = {isa = PBXBuildFile; fileRef = 3710F1F121978CE5009629BB /* example.html */; };
		3710F1F421978DC5009629BB /* example.css in Resources */ = {isa = PBXBuildFile; fileRef = 3710F1F321978DC5009629BB /* example.css */; };
		37684E022197377300DA446C /* AppDelegate.swift in Sources */ = {isa = PBXBuildFile; fileRef = 37684E012197377300DA446C /* AppDelegate.swift */; };
		37684E042197377300DA446C /* ViewController.swift in Sources */ = {isa = PBXBuildFile; fileRef = 37684E032197377300DA446C /* ViewController.swift */; };
		37684E092197377400DA446C /* Assets.xcassets in Resources */ = {isa = PBXBuildFile; fileRef = 37684E082197377400DA446C /* Assets.xcassets */; };
		37684E0C2197377400DA446C /* LaunchScreen.storyboard in Resources */ = {isa = PBXBuildFile; fileRef = 37684E0A2197377400DA446C /* LaunchScreen.storyboard */; };
		377AAA91219775AC0063667B /* AppDelegate.swift in Sources */ = {isa = PBXBuildFile; fileRef = 377AAA90219775AC0063667B /* AppDelegate.swift */; };
		377AAA93219775AC0063667B /* ViewController.swift in Sources */ = {isa = PBXBuildFile; fileRef = 377AAA92219775AC0063667B /* ViewController.swift */; };
		377AAA98219775AD0063667B /* Assets.xcassets in Resources */ = {isa = PBXBuildFile; fileRef = 377AAA97219775AD0063667B /* Assets.xcassets */; };
		377AAA9B219775AD0063667B /* LaunchScreen.storyboard in Resources */ = {isa = PBXBuildFile; fileRef = 377AAA99219775AD0063667B /* LaunchScreen.storyboard */; };
		377AAAA7219775ED0063667B /* AppDelegate.swift in Sources */ = {isa = PBXBuildFile; fileRef = 377AAAA6219775ED0063667B /* AppDelegate.swift */; };
		377AAAA9219775ED0063667B /* ViewController.swift in Sources */ = {isa = PBXBuildFile; fileRef = 377AAAA8219775ED0063667B /* ViewController.swift */; };
		377AAAAE219775ED0063667B /* Assets.xcassets in Resources */ = {isa = PBXBuildFile; fileRef = 377AAAAD219775ED0063667B /* Assets.xcassets */; };
		377AAAB1219775ED0063667B /* LaunchScreen.storyboard in Resources */ = {isa = PBXBuildFile; fileRef = 377AAAAF219775ED0063667B /* LaunchScreen.storyboard */; };
		3787B6A92198503A00CD4221 /* AppDelegate.swift in Sources */ = {isa = PBXBuildFile; fileRef = 3787B6A82198503A00CD4221 /* AppDelegate.swift */; };
		3787B6AB2198503A00CD4221 /* ViewController.swift in Sources */ = {isa = PBXBuildFile; fileRef = 3787B6AA2198503A00CD4221 /* ViewController.swift */; };
		3787B6B02198503B00CD4221 /* Assets.xcassets in Resources */ = {isa = PBXBuildFile; fileRef = 3787B6AF2198503B00CD4221 /* Assets.xcassets */; };
		3787B6B32198503B00CD4221 /* LaunchScreen.storyboard in Resources */ = {isa = PBXBuildFile; fileRef = 3787B6B12198503B00CD4221 /* LaunchScreen.storyboard */; };
		3787B6B8219852D600CD4221 /* Lima.framework in Frameworks */ = {isa = PBXBuildFile; fileRef = 37684DF92197372700DA446C /* Lima.framework */; };
		3787B6B9219852D600CD4221 /* Lima.framework in Embed Frameworks */ = {isa = PBXBuildFile; fileRef = 37684DF92197372700DA446C /* Lima.framework */; settings = {ATTRIBUTES = (CodeSignOnCopy, RemoveHeadersOnCopy, ); }; };
		3787B6BA219852D600CD4221 /* Kilo.framework in Frameworks */ = {isa = PBXBuildFile; fileRef = 37684DF82197371E00DA446C /* Kilo.framework */; };
		3787B6BB219852D600CD4221 /* Kilo.framework in Embed Frameworks */ = {isa = PBXBuildFile; fileRef = 37684DF82197371E00DA446C /* Kilo.framework */; settings = {ATTRIBUTES = (CodeSignOnCopy, RemoveHeadersOnCopy, ); }; };
		3787B6BD219852FF00CD4221 /* Lima.framework in Frameworks */ = {isa = PBXBuildFile; fileRef = 37684DF92197372700DA446C /* Lima.framework */; };
		3787B6BE219852FF00CD4221 /* Lima.framework in Embed Frameworks */ = {isa = PBXBuildFile; fileRef = 37684DF92197372700DA446C /* Lima.framework */; settings = {ATTRIBUTES = (CodeSignOnCopy, RemoveHeadersOnCopy, ); }; };
		37D90DE5219756FD00F03292 /* AppDelegate.swift in Sources */ = {isa = PBXBuildFile; fileRef = 37D90DE4219756FD00F03292 /* AppDelegate.swift */; };
		37D90DE7219756FD00F03292 /* ViewController.swift in Sources */ = {isa = PBXBuildFile; fileRef = 37D90DE6219756FD00F03292 /* ViewController.swift */; };
		37D90DEC219756FD00F03292 /* Assets.xcassets in Resources */ = {isa = PBXBuildFile; fileRef = 37D90DEB219756FD00F03292 /* Assets.xcassets */; };
		37D90DEF219756FD00F03292 /* LaunchScreen.storyboard in Resources */ = {isa = PBXBuildFile; fileRef = 37D90DED219756FD00F03292 /* LaunchScreen.storyboard */; };
		37D90DF62197573000F03292 /* Kilo.framework in Frameworks */ = {isa = PBXBuildFile; fileRef = 37684DF82197371E00DA446C /* Kilo.framework */; };
		37D90DF72197573000F03292 /* Kilo.framework in Embed Frameworks */ = {isa = PBXBuildFile; fileRef = 37684DF82197371E00DA446C /* Kilo.framework */; settings = {ATTRIBUTES = (CodeSignOnCopy, RemoveHeadersOnCopy, ); }; };
		37D90DF921976DDF00F03292 /* Lima.framework in Frameworks */ = {isa = PBXBuildFile; fileRef = 37684DF92197372700DA446C /* Lima.framework */; };
		37D90DFA21976DDF00F03292 /* Lima.framework in Embed Frameworks */ = {isa = PBXBuildFile; fileRef = 37684DF92197372700DA446C /* Lima.framework */; settings = {ATTRIBUTES = (CodeSignOnCopy, RemoveHeadersOnCopy, ); }; };
		37E9BE8F2197448400BEE762 /* AppDelegate.swift in Sources */ = {isa = PBXBuildFile; fileRef = 37E9BE8E2197448400BEE762 /* AppDelegate.swift */; };
		37E9BE912197448400BEE762 /* ViewController.swift in Sources */ = {isa = PBXBuildFile; fileRef = 37E9BE902197448400BEE762 /* ViewController.swift */; };
		37E9BE962197448400BEE762 /* Assets.xcassets in Resources */ = {isa = PBXBuildFile; fileRef = 37E9BE952197448400BEE762 /* Assets.xcassets */; };
		37E9BE992197448400BEE762 /* LaunchScreen.storyboard in Resources */ = {isa = PBXBuildFile; fileRef = 37E9BE972197448400BEE762 /* LaunchScreen.storyboard */; };
		37E9BE9E2197451400BEE762 /* Lima.framework in Frameworks */ = {isa = PBXBuildFile; fileRef = 37684DF92197372700DA446C /* Lima.framework */; };
		37E9BE9F2197451400BEE762 /* Lima.framework in Embed Frameworks */ = {isa = PBXBuildFile; fileRef = 37684DF92197372700DA446C /* Lima.framework */; settings = {ATTRIBUTES = (CodeSignOnCopy, RemoveHeadersOnCopy, ); }; };
/* End PBXBuildFile section */

/* Begin PBXCopyFilesBuildPhase section */
		3787B6BC219852D600CD4221 /* Embed Frameworks */ = {
			isa = PBXCopyFilesBuildPhase;
			buildActionMask = 2147483647;
			dstPath = "";
			dstSubfolderSpec = 10;
			files = (
				3787B6B9219852D600CD4221 /* Lima.framework in Embed Frameworks */,
				3787B6BB219852D600CD4221 /* Kilo.framework in Embed Frameworks */,
			);
			name = "Embed Frameworks";
			runOnlyForDeploymentPostprocessing = 0;
		};
		3787B6BF219852FF00CD4221 /* Embed Frameworks */ = {
			isa = PBXCopyFilesBuildPhase;
			buildActionMask = 2147483647;
			dstPath = "";
			dstSubfolderSpec = 10;
			files = (
				3787B6BE219852FF00CD4221 /* Lima.framework in Embed Frameworks */,
			);
			name = "Embed Frameworks";
			runOnlyForDeploymentPostprocessing = 0;
		};
		37D90DF82197573000F03292 /* Embed Frameworks */ = {
			isa = PBXCopyFilesBuildPhase;
			buildActionMask = 2147483647;
			dstPath = "";
			dstSubfolderSpec = 10;
			files = (
				37D90DF72197573000F03292 /* Kilo.framework in Embed Frameworks */,
				37D90DFA21976DDF00F03292 /* Lima.framework in Embed Frameworks */,
			);
			name = "Embed Frameworks";
			runOnlyForDeploymentPostprocessing = 0;
		};
		37E9BEA22197451500BEE762 /* Embed Frameworks */ = {
			isa = PBXCopyFilesBuildPhase;
			buildActionMask = 2147483647;
			dstPath = "";
			dstSubfolderSpec = 10;
			files = (
				37E9BE9F2197451400BEE762 /* Lima.framework in Embed Frameworks */,
			);
			name = "Embed Frameworks";
			runOnlyForDeploymentPostprocessing = 0;
		};
/* End PBXCopyFilesBuildPhase section */

/* Begin PBXFileReference section */
		3710F1F121978CE5009629BB /* example.html */ = {isa = PBXFileReference; lastKnownFileType = text.html; path = example.html; sourceTree = "<group>"; };
		3710F1F321978DC5009629BB /* example.css */ = {isa = PBXFileReference; lastKnownFileType = text.css; path = example.css; sourceTree = "<group>"; };
		37684DF82197371E00DA446C /* Kilo.framework */ = {isa = PBXFileReference; lastKnownFileType = wrapper.framework; path = Kilo.framework; sourceTree = "<group>"; };
		37684DF92197372700DA446C /* Lima.framework */ = {isa = PBXFileReference; lastKnownFileType = wrapper.framework; path = Lima.framework; sourceTree = "<group>"; };
		37684DFF2197377300DA446C /* ActivityIndicator.app */ = {isa = PBXFileReference; explicitFileType = wrapper.application; includeInIndex = 0; path = ActivityIndicator.app; sourceTree = BUILT_PRODUCTS_DIR; };
		37684E012197377300DA446C /* AppDelegate.swift */ = {isa = PBXFileReference; lastKnownFileType = sourcecode.swift; path = AppDelegate.swift; sourceTree = "<group>"; };
		37684E032197377300DA446C /* ViewController.swift */ = {isa = PBXFileReference; lastKnownFileType = sourcecode.swift; path = ViewController.swift; sourceTree = "<group>"; };
		37684E082197377400DA446C /* Assets.xcassets */ = {isa = PBXFileReference; lastKnownFileType = folder.assetcatalog; path = Assets.xcassets; sourceTree = "<group>"; };
		37684E0B2197377400DA446C /* Base */ = {isa = PBXFileReference; lastKnownFileType = file.storyboard; name = Base; path = Base.lproj/LaunchScreen.storyboard; sourceTree = "<group>"; };
		37684E0D2197377400DA446C /* Info.plist */ = {isa = PBXFileReference; lastKnownFileType = text.plist.xml; path = Info.plist; sourceTree = "<group>"; };
		377AAA8E219775AC0063667B /* ClientSideCSS.app */ = {isa = PBXFileReference; explicitFileType = wrapper.application; includeInIndex = 0; path = ClientSideCSS.app; sourceTree = BUILT_PRODUCTS_DIR; };
		377AAA90219775AC0063667B /* AppDelegate.swift */ = {isa = PBXFileReference; lastKnownFileType = sourcecode.swift; path = AppDelegate.swift; sourceTree = "<group>"; };
		377AAA92219775AC0063667B /* ViewController.swift */ = {isa = PBXFileReference; lastKnownFileType = sourcecode.swift; path = ViewController.swift; sourceTree = "<group>"; };
		377AAA97219775AD0063667B /* Assets.xcassets */ = {isa = PBXFileReference; lastKnownFileType = folder.assetcatalog; path = Assets.xcassets; sourceTree = "<group>"; };
		377AAA9A219775AD0063667B /* Base */ = {isa = PBXFileReference; lastKnownFileType = file.storyboard; name = Base; path = Base.lproj/LaunchScreen.storyboard; sourceTree = "<group>"; };
		377AAA9C219775AD0063667B /* Info.plist */ = {isa = PBXFileReference; lastKnownFileType = text.plist.xml; path = Info.plist; sourceTree = "<group>"; };
		377AAAA4219775EC0063667B /* ResponseDataCache.app */ = {isa = PBXFileReference; explicitFileType = wrapper.application; includeInIndex = 0; path = ResponseDataCache.app; sourceTree = BUILT_PRODUCTS_DIR; };
		377AAAA6219775ED0063667B /* AppDelegate.swift */ = {isa = PBXFileReference; lastKnownFileType = sourcecode.swift; path = AppDelegate.swift; sourceTree = "<group>"; };
		377AAAA8219775ED0063667B /* ViewController.swift */ = {isa = PBXFileReference; lastKnownFileType = sourcecode.swift; path = ViewController.swift; sourceTree = "<group>"; };
		377AAAAD219775ED0063667B /* Assets.xcassets */ = {isa = PBXFileReference; lastKnownFileType = folder.assetcatalog; path = Assets.xcassets; sourceTree = "<group>"; };
		377AAAB0219775ED0063667B /* Base */ = {isa = PBXFileReference; lastKnownFileType = file.storyboard; name = Base; path = Base.lproj/LaunchScreen.storyboard; sourceTree = "<group>"; };
		377AAAB2219775ED0063667B /* Info.plist */ = {isa = PBXFileReference; lastKnownFileType = text.plist.xml; path = Info.plist; sourceTree = "<group>"; };
		3787B6A62198503A00CD4221 /* BarcodeScanner.app */ = {isa = PBXFileReference; explicitFileType = wrapper.application; includeInIndex = 0; path = BarcodeScanner.app; sourceTree = BUILT_PRODUCTS_DIR; };
		3787B6A82198503A00CD4221 /* AppDelegate.swift */ = {isa = PBXFileReference; lastKnownFileType = sourcecode.swift; path = AppDelegate.swift; sourceTree = "<group>"; };
		3787B6AA2198503A00CD4221 /* ViewController.swift */ = {isa = PBXFileReference; lastKnownFileType = sourcecode.swift; path = ViewController.swift; sourceTree = "<group>"; };
		3787B6AF2198503B00CD4221 /* Assets.xcassets */ = {isa = PBXFileReference; lastKnownFileType = folder.assetcatalog; path = Assets.xcassets; sourceTree = "<group>"; };
		3787B6B22198503B00CD4221 /* Base */ = {isa = PBXFileReference; lastKnownFileType = file.storyboard; name = Base; path = Base.lproj/LaunchScreen.storyboard; sourceTree = "<group>"; };
		3787B6B42198503B00CD4221 /* Info.plist */ = {isa = PBXFileReference; lastKnownFileType = text.plist.xml; path = Info.plist; sourceTree = "<group>"; };
		37D90DE2219756FC00F03292 /* TableViewImages.app */ = {isa = PBXFileReference; explicitFileType = wrapper.application; includeInIndex = 0; path = TableViewImages.app; sourceTree = BUILT_PRODUCTS_DIR; };
		37D90DE4219756FD00F03292 /* AppDelegate.swift */ = {isa = PBXFileReference; lastKnownFileType = sourcecode.swift; path = AppDelegate.swift; sourceTree = "<group>"; };
		37D90DE6219756FD00F03292 /* ViewController.swift */ = {isa = PBXFileReference; lastKnownFileType = sourcecode.swift; path = ViewController.swift; sourceTree = "<group>"; };
		37D90DEB219756FD00F03292 /* Assets.xcassets */ = {isa = PBXFileReference; lastKnownFileType = folder.assetcatalog; path = Assets.xcassets; sourceTree = "<group>"; };
		37D90DEE219756FD00F03292 /* Base */ = {isa = PBXFileReference; lastKnownFileType = file.storyboard; name = Base; path = Base.lproj/LaunchScreen.storyboard; sourceTree = "<group>"; };
		37D90DF0219756FD00F03292 /* Info.plist */ = {isa = PBXFileReference; lastKnownFileType = text.plist.xml; path = Info.plist; sourceTree = "<group>"; };
		37E9BE8C2197448400BEE762 /* AutoComplete.app */ = {isa = PBXFileReference; explicitFileType = wrapper.application; includeInIndex = 0; path = AutoComplete.app; sourceTree = BUILT_PRODUCTS_DIR; };
		37E9BE8E2197448400BEE762 /* AppDelegate.swift */ = {isa = PBXFileReference; lastKnownFileType = sourcecode.swift; path = AppDelegate.swift; sourceTree = "<group>"; };
		37E9BE902197448400BEE762 /* ViewController.swift */ = {isa = PBXFileReference; lastKnownFileType = sourcecode.swift; path = ViewController.swift; sourceTree = "<group>"; };
		37E9BE952197448400BEE762 /* Assets.xcassets */ = {isa = PBXFileReference; lastKnownFileType = folder.assetcatalog; path = Assets.xcassets; sourceTree = "<group>"; };
		37E9BE982197448400BEE762 /* Base */ = {isa = PBXFileReference; lastKnownFileType = file.storyboard; name = Base; path = Base.lproj/LaunchScreen.storyboard; sourceTree = "<group>"; };
		37E9BE9A2197448400BEE762 /* Info.plist */ = {isa = PBXFileReference; lastKnownFileType = text.plist.xml; path = Info.plist; sourceTree = "<group>"; };
/* End PBXFileReference section */

/* Begin PBXFrameworksBuildPhase section */
		37684DFC2197377300DA446C /* Frameworks */ = {
			isa = PBXFrameworksBuildPhase;
			buildActionMask = 2147483647;
			files = (
			);
			runOnlyForDeploymentPostprocessing = 0;
		};
		377AAA8B219775AC0063667B /* Frameworks */ = {
			isa = PBXFrameworksBuildPhase;
			buildActionMask = 2147483647;
			files = (
			);
			runOnlyForDeploymentPostprocessing = 0;
		};
		377AAAA1219775EC0063667B /* Frameworks */ = {
			isa = PBXFrameworksBuildPhase;
			buildActionMask = 2147483647;
			files = (
				3787B6B8219852D600CD4221 /* Lima.framework in Frameworks */,
				3787B6BA219852D600CD4221 /* Kilo.framework in Frameworks */,
			);
			runOnlyForDeploymentPostprocessing = 0;
		};
		3787B6A32198503A00CD4221 /* Frameworks */ = {
			isa = PBXFrameworksBuildPhase;
			buildActionMask = 2147483647;
			files = (
				3787B6BD219852FF00CD4221 /* Lima.framework in Frameworks */,
			);
			runOnlyForDeploymentPostprocessing = 0;
		};
		37D90DDF219756FC00F03292 /* Frameworks */ = {
			isa = PBXFrameworksBuildPhase;
			buildActionMask = 2147483647;
			files = (
				37D90DF62197573000F03292 /* Kilo.framework in Frameworks */,
				37D90DF921976DDF00F03292 /* Lima.framework in Frameworks */,
			);
			runOnlyForDeploymentPostprocessing = 0;
		};
		37E9BE892197448400BEE762 /* Frameworks */ = {
			isa = PBXFrameworksBuildPhase;
			buildActionMask = 2147483647;
			files = (
				37E9BE9E2197451400BEE762 /* Lima.framework in Frameworks */,
			);
			runOnlyForDeploymentPostprocessing = 0;
		};
/* End PBXFrameworksBuildPhase section */

/* Begin PBXGroup section */
		370873AA21972F4B00A025D2 = {
			isa = PBXGroup;
			children = (
				37684E002197377300DA446C /* ActivityIndicator */,
				37E9BE8D2197448400BEE762 /* AutoComplete */,
				37D90DE3219756FD00F03292 /* TableViewImages */,
				377AAA8F219775AC0063667B /* ClientSideCSS */,
				377AAAA5219775ED0063667B /* ResponseDataCache */,
				3787B6A72198503A00CD4221 /* BarcodeScanner */,
				370873B421972F4B00A025D2 /* Products */,
				37E89A4C2197382D00340267 /* Frameworks */,
			);
			sourceTree = "<group>";
		};
		370873B421972F4B00A025D2 /* Products */ = {
			isa = PBXGroup;
			children = (
				37684DFF2197377300DA446C /* ActivityIndicator.app */,
				37E9BE8C2197448400BEE762 /* AutoComplete.app */,
				37D90DE2219756FC00F03292 /* TableViewImages.app */,
				377AAA8E219775AC0063667B /* ClientSideCSS.app */,
				377AAAA4219775EC0063667B /* ResponseDataCache.app */,
				3787B6A62198503A00CD4221 /* BarcodeScanner.app */,
			);
			name = Products;
			sourceTree = "<group>";
		};
		37684E002197377300DA446C /* ActivityIndicator */ = {
			isa = PBXGroup;
			children = (
				37684E012197377300DA446C /* AppDelegate.swift */,
				37684E032197377300DA446C /* ViewController.swift */,
				37684E082197377400DA446C /* Assets.xcassets */,
				37684E0A2197377400DA446C /* LaunchScreen.storyboard */,
				37684E0D2197377400DA446C /* Info.plist */,
			);
			path = ActivityIndicator;
			sourceTree = "<group>";
		};
		377AAA8F219775AC0063667B /* ClientSideCSS */ = {
			isa = PBXGroup;
			children = (
				377AAA90219775AC0063667B /* AppDelegate.swift */,
				377AAA92219775AC0063667B /* ViewController.swift */,
				377AAA97219775AD0063667B /* Assets.xcassets */,
				377AAA99219775AD0063667B /* LaunchScreen.storyboard */,
				377AAA9C219775AD0063667B /* Info.plist */,
				3710F1F121978CE5009629BB /* example.html */,
				3710F1F321978DC5009629BB /* example.css */,
			);
			path = ClientSideCSS;
			sourceTree = "<group>";
		};
		377AAAA5219775ED0063667B /* ResponseDataCache */ = {
			isa = PBXGroup;
			children = (
				377AAAA6219775ED0063667B /* AppDelegate.swift */,
				377AAAA8219775ED0063667B /* ViewController.swift */,
				377AAAAD219775ED0063667B /* Assets.xcassets */,
				377AAAAF219775ED0063667B /* LaunchScreen.storyboard */,
				377AAAB2219775ED0063667B /* Info.plist */,
			);
			path = ResponseDataCache;
			sourceTree = "<group>";
		};
		3787B6A72198503A00CD4221 /* BarcodeScanner */ = {
			isa = PBXGroup;
			children = (
				3787B6A82198503A00CD4221 /* AppDelegate.swift */,
				3787B6AA2198503A00CD4221 /* ViewController.swift */,
				3787B6AF2198503B00CD4221 /* Assets.xcassets */,
				3787B6B12198503B00CD4221 /* LaunchScreen.storyboard */,
				3787B6B42198503B00CD4221 /* Info.plist */,
			);
			path = BarcodeScanner;
			sourceTree = "<group>";
		};
		37D90DE3219756FD00F03292 /* TableViewImages */ = {
			isa = PBXGroup;
			children = (
				37D90DE4219756FD00F03292 /* AppDelegate.swift */,
				37D90DE6219756FD00F03292 /* ViewController.swift */,
				37D90DEB219756FD00F03292 /* Assets.xcassets */,
				37D90DED219756FD00F03292 /* LaunchScreen.storyboard */,
				37D90DF0219756FD00F03292 /* Info.plist */,
			);
			path = TableViewImages;
			sourceTree = "<group>";
		};
		37E89A4C2197382D00340267 /* Frameworks */ = {
			isa = PBXGroup;
			children = (
				37684DF92197372700DA446C /* Lima.framework */,
				37684DF82197371E00DA446C /* Kilo.framework */,
			);
			name = Frameworks;
			sourceTree = "<group>";
		};
		37E9BE8D2197448400BEE762 /* AutoComplete */ = {
			isa = PBXGroup;
			children = (
				37E9BE8E2197448400BEE762 /* AppDelegate.swift */,
				37E9BE902197448400BEE762 /* ViewController.swift */,
				37E9BE952197448400BEE762 /* Assets.xcassets */,
				37E9BE972197448400BEE762 /* LaunchScreen.storyboard */,
				37E9BE9A2197448400BEE762 /* Info.plist */,
			);
			path = AutoComplete;
			sourceTree = "<group>";
		};
/* End PBXGroup section */

/* Begin PBXNativeTarget section */
		37684DFE2197377300DA446C /* ActivityIndicator */ = {
			isa = PBXNativeTarget;
			buildConfigurationList = 37684E0E2197377400DA446C /* Build configuration list for PBXNativeTarget "ActivityIndicator" */;
			buildPhases = (
				37684DFB2197377300DA446C /* Sources */,
				37684DFC2197377300DA446C /* Frameworks */,
				37684DFD2197377300DA446C /* Resources */,
			);
			buildRules = (
			);
			dependencies = (
			);
			name = ActivityIndicator;
			productName = ActivityIndicator;
			productReference = 37684DFF2197377300DA446C /* ActivityIndicator.app */;
			productType = "com.apple.product-type.application";
		};
		377AAA8D219775AC0063667B /* ClientSideCSS */ = {
			isa = PBXNativeTarget;
			buildConfigurationList = 377AAA9F219775AD0063667B /* Build configuration list for PBXNativeTarget "ClientSideCSS" */;
			buildPhases = (
				377AAA8A219775AC0063667B /* Sources */,
				377AAA8B219775AC0063667B /* Frameworks */,
				377AAA8C219775AC0063667B /* Resources */,
			);
			buildRules = (
			);
			dependencies = (
			);
			name = ClientSideCSS;
			productName = ClientSideCSS;
			productReference = 377AAA8E219775AC0063667B /* ClientSideCSS.app */;
			productType = "com.apple.product-type.application";
		};
		377AAAA3219775EC0063667B /* ResponseDataCache */ = {
			isa = PBXNativeTarget;
			buildConfigurationList = 377AAAB3219775ED0063667B /* Build configuration list for PBXNativeTarget "ResponseDataCache" */;
			buildPhases = (
				377AAAA0219775EC0063667B /* Sources */,
				377AAAA1219775EC0063667B /* Frameworks */,
				377AAAA2219775EC0063667B /* Resources */,
				3787B6BC219852D600CD4221 /* Embed Frameworks */,
			);
			buildRules = (
			);
			dependencies = (
			);
			name = ResponseDataCache;
			productName = ResponseDataCache;
			productReference = 377AAAA4219775EC0063667B /* ResponseDataCache.app */;
			productType = "com.apple.product-type.application";
		};
		3787B6A52198503A00CD4221 /* BarcodeScanner */ = {
			isa = PBXNativeTarget;
			buildConfigurationList = 3787B6B72198503B00CD4221 /* Build configuration list for PBXNativeTarget "BarcodeScanner" */;
			buildPhases = (
				3787B6A22198503A00CD4221 /* Sources */,
				3787B6A32198503A00CD4221 /* Frameworks */,
				3787B6A42198503A00CD4221 /* Resources */,
				3787B6BF219852FF00CD4221 /* Embed Frameworks */,
			);
			buildRules = (
			);
			dependencies = (
			);
			name = BarcodeScanner;
			productName = BarcodeScanner;
			productReference = 3787B6A62198503A00CD4221 /* BarcodeScanner.app */;
			productType = "com.apple.product-type.application";
		};
		37D90DE1219756FC00F03292 /* TableViewImages */ = {
			isa = PBXNativeTarget;
			buildConfigurationList = 37D90DF3219756FD00F03292 /* Build configuration list for PBXNativeTarget "TableViewImages" */;
			buildPhases = (
				37D90DDE219756FC00F03292 /* Sources */,
				37D90DDF219756FC00F03292 /* Frameworks */,
				37D90DE0219756FC00F03292 /* Resources */,
				37D90DF82197573000F03292 /* Embed Frameworks */,
			);
			buildRules = (
			);
			dependencies = (
			);
			name = TableViewImages;
			productName = TableViewImages;
			productReference = 37D90DE2219756FC00F03292 /* TableViewImages.app */;
			productType = "com.apple.product-type.application";
		};
		37E9BE8B2197448400BEE762 /* AutoComplete */ = {
			isa = PBXNativeTarget;
			buildConfigurationList = 37E9BE9B2197448400BEE762 /* Build configuration list for PBXNativeTarget "AutoComplete" */;
			buildPhases = (
				37E9BE882197448400BEE762 /* Sources */,
				37E9BE892197448400BEE762 /* Frameworks */,
				37E9BE8A2197448400BEE762 /* Resources */,
				37E9BEA22197451500BEE762 /* Embed Frameworks */,
			);
			buildRules = (
			);
			dependencies = (
			);
			name = AutoComplete;
			productName = AutoComplete;
			productReference = 37E9BE8C2197448400BEE762 /* AutoComplete.app */;
			productType = "com.apple.product-type.application";
		};
/* End PBXNativeTarget section */

/* Begin PBXProject section */
		370873AB21972F4B00A025D2 /* Project object */ = {
			isa = PBXProject;
			attributes = {
				LastSwiftUpdateCheck = 1000;
				LastUpgradeCheck = 1000;
				ORGANIZATIONNAME = "Greg Brown";
				TargetAttributes = {
					37684DFE2197377300DA446C = {
						CreatedOnToolsVersion = 10.0;
					};
					377AAA8D219775AC0063667B = {
						CreatedOnToolsVersion = 10.0;
					};
					377AAAA3219775EC0063667B = {
						CreatedOnToolsVersion = 10.0;
					};
					3787B6A52198503A00CD4221 = {
						CreatedOnToolsVersion = 10.0;
					};
					37D90DE1219756FC00F03292 = {
						CreatedOnToolsVersion = 10.0;
					};
					37E9BE8B2197448400BEE762 = {
						CreatedOnToolsVersion = 10.0;
					};
				};
			};
			buildConfigurationList = 370873AE21972F4B00A025D2 /* Build configuration list for PBXProject "iOS-Examples" */;
			compatibilityVersion = "Xcode 9.3";
			developmentRegion = en;
			hasScannedForEncodings = 0;
			knownRegions = (
				en,
				Base,
			);
			mainGroup = 370873AA21972F4B00A025D2;
			productRefGroup = 370873B421972F4B00A025D2 /* Products */;
			projectDirPath = "";
			projectRoot = "";
			targets = (
				37684DFE2197377300DA446C /* ActivityIndicator */,
				37E9BE8B2197448400BEE762 /* AutoComplete */,
				37D90DE1219756FC00F03292 /* TableViewImages */,
				377AAA8D219775AC0063667B /* ClientSideCSS */,
				377AAAA3219775EC0063667B /* ResponseDataCache */,
				3787B6A52198503A00CD4221 /* BarcodeScanner */,
			);
		};
/* End PBXProject section */

/* Begin PBXResourcesBuildPhase section */
		37684DFD2197377300DA446C /* Resources */ = {
			isa = PBXResourcesBuildPhase;
			buildActionMask = 2147483647;
			files = (
				37684E0C2197377400DA446C /* LaunchScreen.storyboard in Resources */,
				37684E092197377400DA446C /* Assets.xcassets in Resources */,
			);
			runOnlyForDeploymentPostprocessing = 0;
		};
		377AAA8C219775AC0063667B /* Resources */ = {
			isa = PBXResourcesBuildPhase;
			buildActionMask = 2147483647;
			files = (
				377AAA9B219775AD0063667B /* LaunchScreen.storyboard in Resources */,
				377AAA98219775AD0063667B /* Assets.xcassets in Resources */,
				3710F1F421978DC5009629BB /* example.css in Resources */,
				3710F1F221978CE5009629BB /* example.html in Resources */,
			);
			runOnlyForDeploymentPostprocessing = 0;
		};
		377AAAA2219775EC0063667B /* Resources */ = {
			isa = PBXResourcesBuildPhase;
			buildActionMask = 2147483647;
			files = (
				377AAAB1219775ED0063667B /* LaunchScreen.storyboard in Resources */,
				377AAAAE219775ED0063667B /* Assets.xcassets in Resources */,
			);
			runOnlyForDeploymentPostprocessing = 0;
		};
		3787B6A42198503A00CD4221 /* Resources */ = {
			isa = PBXResourcesBuildPhase;
			buildActionMask = 2147483647;
			files = (
				3787B6B32198503B00CD4221 /* LaunchScreen.storyboard in Resources */,
				3787B6B02198503B00CD4221 /* Assets.xcassets in Resources */,
			);
			runOnlyForDeploymentPostprocessing = 0;
		};
		37D90DE0219756FC00F03292 /* Resources */ = {
			isa = PBXResourcesBuildPhase;
			buildActionMask = 2147483647;
			files = (
				37D90DEF219756FD00F03292 /* LaunchScreen.storyboard in Resources */,
				37D90DEC219756FD00F03292 /* Assets.xcassets in Resources */,
			);
			runOnlyForDeploymentPostprocessing = 0;
		};
		37E9BE8A2197448400BEE762 /* Resources */ = {
			isa = PBXResourcesBuildPhase;
			buildActionMask = 2147483647;
			files = (
				37E9BE992197448400BEE762 /* LaunchScreen.storyboard in Resources */,
				37E9BE962197448400BEE762 /* Assets.xcassets in Resources */,
			);
			runOnlyForDeploymentPostprocessing = 0;
		};
/* End PBXResourcesBuildPhase section */

/* Begin PBXSourcesBuildPhase section */
		37684DFB2197377300DA446C /* Sources */ = {
			isa = PBXSourcesBuildPhase;
			buildActionMask = 2147483647;
			files = (
				37684E042197377300DA446C /* ViewController.swift in Sources */,
				37684E022197377300DA446C /* AppDelegate.swift in Sources */,
			);
			runOnlyForDeploymentPostprocessing = 0;
		};
		377AAA8A219775AC0063667B /* Sources */ = {
			isa = PBXSourcesBuildPhase;
			buildActionMask = 2147483647;
			files = (
				377AAA93219775AC0063667B /* ViewController.swift in Sources */,
				377AAA91219775AC0063667B /* AppDelegate.swift in Sources */,
			);
			runOnlyForDeploymentPostprocessing = 0;
		};
		377AAAA0219775EC0063667B /* Sources */ = {
			isa = PBXSourcesBuildPhase;
			buildActionMask = 2147483647;
			files = (
				377AAAA9219775ED0063667B /* ViewController.swift in Sources */,
				377AAAA7219775ED0063667B /* AppDelegate.swift in Sources */,
			);
			runOnlyForDeploymentPostprocessing = 0;
		};
		3787B6A22198503A00CD4221 /* Sources */ = {
			isa = PBXSourcesBuildPhase;
			buildActionMask = 2147483647;
			files = (
				3787B6AB2198503A00CD4221 /* ViewController.swift in Sources */,
				3787B6A92198503A00CD4221 /* AppDelegate.swift in Sources */,
			);
			runOnlyForDeploymentPostprocessing = 0;
		};
		37D90DDE219756FC00F03292 /* Sources */ = {
			isa = PBXSourcesBuildPhase;
			buildActionMask = 2147483647;
			files = (
				37D90DE7219756FD00F03292 /* ViewController.swift in Sources */,
				37D90DE5219756FD00F03292 /* AppDelegate.swift in Sources */,
			);
			runOnlyForDeploymentPostprocessing = 0;
		};
		37E9BE882197448400BEE762 /* Sources */ = {
			isa = PBXSourcesBuildPhase;
			buildActionMask = 2147483647;
			files = (
				37E9BE912197448400BEE762 /* ViewController.swift in Sources */,
				37E9BE8F2197448400BEE762 /* AppDelegate.swift in Sources */,
			);
			runOnlyForDeploymentPostprocessing = 0;
		};
/* End PBXSourcesBuildPhase section */

/* Begin PBXVariantGroup section */
		37684E0A2197377400DA446C /* LaunchScreen.storyboard */ = {
			isa = PBXVariantGroup;
			children = (
				37684E0B2197377400DA446C /* Base */,
			);
			name = LaunchScreen.storyboard;
			sourceTree = "<group>";
		};
		377AAA99219775AD0063667B /* LaunchScreen.storyboard */ = {
			isa = PBXVariantGroup;
			children = (
				377AAA9A219775AD0063667B /* Base */,
			);
			name = LaunchScreen.storyboard;
			sourceTree = "<group>";
		};
		377AAAAF219775ED0063667B /* LaunchScreen.storyboard */ = {
			isa = PBXVariantGroup;
			children = (
				377AAAB0219775ED0063667B /* Base */,
			);
			name = LaunchScreen.storyboard;
			sourceTree = "<group>";
		};
		3787B6B12198503B00CD4221 /* LaunchScreen.storyboard */ = {
			isa = PBXVariantGroup;
			children = (
				3787B6B22198503B00CD4221 /* Base */,
			);
			name = LaunchScreen.storyboard;
			sourceTree = "<group>";
		};
		37D90DED219756FD00F03292 /* LaunchScreen.storyboard */ = {
			isa = PBXVariantGroup;
			children = (
				37D90DEE219756FD00F03292 /* Base */,
			);
			name = LaunchScreen.storyboard;
			sourceTree = "<group>";
		};
		37E9BE972197448400BEE762 /* LaunchScreen.storyboard */ = {
			isa = PBXVariantGroup;
			children = (
				37E9BE982197448400BEE762 /* Base */,
			);
			name = LaunchScreen.storyboard;
			sourceTree = "<group>";
		};
/* End PBXVariantGroup section */

/* Begin XCBuildConfiguration section */
		370873C321972F4C00A025D2 /* Debug */ = {
			isa = XCBuildConfiguration;
			buildSettings = {
				ALWAYS_SEARCH_USER_PATHS = NO;
				CLANG_ANALYZER_NONNULL = YES;
				CLANG_ANALYZER_NUMBER_OBJECT_CONVERSION = YES_AGGRESSIVE;
				CLANG_CXX_LANGUAGE_STANDARD = "gnu++14";
				CLANG_CXX_LIBRARY = "libc++";
				CLANG_ENABLE_MODULES = YES;
				CLANG_ENABLE_OBJC_ARC = YES;
				CLANG_ENABLE_OBJC_WEAK = YES;
				CLANG_WARN_BLOCK_CAPTURE_AUTORELEASING = YES;
				CLANG_WARN_BOOL_CONVERSION = YES;
				CLANG_WARN_COMMA = YES;
				CLANG_WARN_CONSTANT_CONVERSION = YES;
				CLANG_WARN_DEPRECATED_OBJC_IMPLEMENTATIONS = YES;
				CLANG_WARN_DIRECT_OBJC_ISA_USAGE = YES_ERROR;
				CLANG_WARN_DOCUMENTATION_COMMENTS = YES;
				CLANG_WARN_EMPTY_BODY = YES;
				CLANG_WARN_ENUM_CONVERSION = YES;
				CLANG_WARN_INFINITE_RECURSION = YES;
				CLANG_WARN_INT_CONVERSION = YES;
				CLANG_WARN_NON_LITERAL_NULL_CONVERSION = YES;
				CLANG_WARN_OBJC_IMPLICIT_RETAIN_SELF = YES;
				CLANG_WARN_OBJC_LITERAL_CONVERSION = YES;
				CLANG_WARN_OBJC_ROOT_CLASS = YES_ERROR;
				CLANG_WARN_RANGE_LOOP_ANALYSIS = YES;
				CLANG_WARN_STRICT_PROTOTYPES = YES;
				CLANG_WARN_SUSPICIOUS_MOVE = YES;
				CLANG_WARN_UNGUARDED_AVAILABILITY = YES_AGGRESSIVE;
				CLANG_WARN_UNREACHABLE_CODE = YES;
				CLANG_WARN__DUPLICATE_METHOD_MATCH = YES;
				CODE_SIGN_IDENTITY = "iPhone Developer";
				COPY_PHASE_STRIP = NO;
				DEBUG_INFORMATION_FORMAT = dwarf;
				ENABLE_STRICT_OBJC_MSGSEND = YES;
				ENABLE_TESTABILITY = YES;
				GCC_C_LANGUAGE_STANDARD = gnu11;
				GCC_DYNAMIC_NO_PIC = NO;
				GCC_NO_COMMON_BLOCKS = YES;
				GCC_OPTIMIZATION_LEVEL = 0;
				GCC_PREPROCESSOR_DEFINITIONS = (
					"DEBUG=1",
					"$(inherited)",
				);
				GCC_WARN_64_TO_32_BIT_CONVERSION = YES;
				GCC_WARN_ABOUT_RETURN_TYPE = YES_ERROR;
				GCC_WARN_UNDECLARED_SELECTOR = YES;
				GCC_WARN_UNINITIALIZED_AUTOS = YES_AGGRESSIVE;
				GCC_WARN_UNUSED_FUNCTION = YES;
				GCC_WARN_UNUSED_VARIABLE = YES;
				IPHONEOS_DEPLOYMENT_TARGET = 12.0;
				MTL_ENABLE_DEBUG_INFO = INCLUDE_SOURCE;
				MTL_FAST_MATH = YES;
				ONLY_ACTIVE_ARCH = YES;
				SDKROOT = iphoneos;
				SWIFT_ACTIVE_COMPILATION_CONDITIONS = DEBUG;
				SWIFT_OPTIMIZATION_LEVEL = "-Onone";
			};
			name = Debug;
		};
		370873C421972F4C00A025D2 /* Release */ = {
			isa = XCBuildConfiguration;
			buildSettings = {
				ALWAYS_SEARCH_USER_PATHS = NO;
				CLANG_ANALYZER_NONNULL = YES;
				CLANG_ANALYZER_NUMBER_OBJECT_CONVERSION = YES_AGGRESSIVE;
				CLANG_CXX_LANGUAGE_STANDARD = "gnu++14";
				CLANG_CXX_LIBRARY = "libc++";
				CLANG_ENABLE_MODULES = YES;
				CLANG_ENABLE_OBJC_ARC = YES;
				CLANG_ENABLE_OBJC_WEAK = YES;
				CLANG_WARN_BLOCK_CAPTURE_AUTORELEASING = YES;
				CLANG_WARN_BOOL_CONVERSION = YES;
				CLANG_WARN_COMMA = YES;
				CLANG_WARN_CONSTANT_CONVERSION = YES;
				CLANG_WARN_DEPRECATED_OBJC_IMPLEMENTATIONS = YES;
				CLANG_WARN_DIRECT_OBJC_ISA_USAGE = YES_ERROR;
				CLANG_WARN_DOCUMENTATION_COMMENTS = YES;
				CLANG_WARN_EMPTY_BODY = YES;
				CLANG_WARN_ENUM_CONVERSION = YES;
				CLANG_WARN_INFINITE_RECURSION = YES;
				CLANG_WARN_INT_CONVERSION = YES;
				CLANG_WARN_NON_LITERAL_NULL_CONVERSION = YES;
				CLANG_WARN_OBJC_IMPLICIT_RETAIN_SELF = YES;
				CLANG_WARN_OBJC_LITERAL_CONVERSION = YES;
				CLANG_WARN_OBJC_ROOT_CLASS = YES_ERROR;
				CLANG_WARN_RANGE_LOOP_ANALYSIS = YES;
				CLANG_WARN_STRICT_PROTOTYPES = YES;
				CLANG_WARN_SUSPICIOUS_MOVE = YES;
				CLANG_WARN_UNGUARDED_AVAILABILITY = YES_AGGRESSIVE;
				CLANG_WARN_UNREACHABLE_CODE = YES;
				CLANG_WARN__DUPLICATE_METHOD_MATCH = YES;
				CODE_SIGN_IDENTITY = "iPhone Developer";
				COPY_PHASE_STRIP = NO;
				DEBUG_INFORMATION_FORMAT = "dwarf-with-dsym";
				ENABLE_NS_ASSERTIONS = NO;
				ENABLE_STRICT_OBJC_MSGSEND = YES;
				GCC_C_LANGUAGE_STANDARD = gnu11;
				GCC_NO_COMMON_BLOCKS = YES;
				GCC_WARN_64_TO_32_BIT_CONVERSION = YES;
				GCC_WARN_ABOUT_RETURN_TYPE = YES_ERROR;
				GCC_WARN_UNDECLARED_SELECTOR = YES;
				GCC_WARN_UNINITIALIZED_AUTOS = YES_AGGRESSIVE;
				GCC_WARN_UNUSED_FUNCTION = YES;
				GCC_WARN_UNUSED_VARIABLE = YES;
				IPHONEOS_DEPLOYMENT_TARGET = 12.0;
				MTL_ENABLE_DEBUG_INFO = NO;
				MTL_FAST_MATH = YES;
				SDKROOT = iphoneos;
				SWIFT_COMPILATION_MODE = wholemodule;
				SWIFT_OPTIMIZATION_LEVEL = "-O";
				VALIDATE_PRODUCT = YES;
			};
			name = Release;
		};
		37684E0F2197377400DA446C /* Debug */ = {
			isa = XCBuildConfiguration;
			buildSettings = {
				ALWAYS_EMBED_SWIFT_STANDARD_LIBRARIES = YES;
				ASSETCATALOG_COMPILER_APPICON_NAME = AppIcon;
				CODE_SIGN_STYLE = Automatic;
				DEVELOPMENT_TEAM = FBUU23VBFN;
				FRAMEWORK_SEARCH_PATHS = (
					"$(inherited)",
					"$(PROJECT_DIR)",
				);
				INFOPLIST_FILE = ActivityIndicator/Info.plist;
				IPHONEOS_DEPLOYMENT_TARGET = 10.3;
				LD_RUNPATH_SEARCH_PATHS = (
					"$(inherited)",
					"@executable_path/Frameworks",
				);
				PRODUCT_BUNDLE_IDENTIFIER = org.gkbrown.ActivityIndicator;
				PRODUCT_NAME = "$(TARGET_NAME)";
				SWIFT_VERSION = 4.2;
				TARGETED_DEVICE_FAMILY = "1,2";
			};
			name = Debug;
		};
		37684E102197377400DA446C /* Release */ = {
			isa = XCBuildConfiguration;
			buildSettings = {
				ALWAYS_EMBED_SWIFT_STANDARD_LIBRARIES = YES;
				ASSETCATALOG_COMPILER_APPICON_NAME = AppIcon;
				CODE_SIGN_STYLE = Automatic;
				DEVELOPMENT_TEAM = FBUU23VBFN;
				FRAMEWORK_SEARCH_PATHS = (
					"$(inherited)",
					"$(PROJECT_DIR)",
				);
				INFOPLIST_FILE = ActivityIndicator/Info.plist;
				IPHONEOS_DEPLOYMENT_TARGET = 10.3;
				LD_RUNPATH_SEARCH_PATHS = (
					"$(inherited)",
					"@executable_path/Frameworks",
				);
				PRODUCT_BUNDLE_IDENTIFIER = org.gkbrown.ActivityIndicator;
				PRODUCT_NAME = "$(TARGET_NAME)";
				SWIFT_VERSION = 4.2;
				TARGETED_DEVICE_FAMILY = "1,2";
			};
			name = Release;
		};
		377AAA9D219775AD0063667B /* Debug */ = {
			isa = XCBuildConfiguration;
			buildSettings = {
				ASSETCATALOG_COMPILER_APPICON_NAME = AppIcon;
				CODE_SIGN_STYLE = Automatic;
				DEVELOPMENT_TEAM = FBUU23VBFN;
				INFOPLIST_FILE = ClientSideCSS/Info.plist;
				IPHONEOS_DEPLOYMENT_TARGET = 10.3;
				LD_RUNPATH_SEARCH_PATHS = (
					"$(inherited)",
					"@executable_path/Frameworks",
				);
				PRODUCT_BUNDLE_IDENTIFIER = org.gkbrown.ClientSideCSS;
				PRODUCT_NAME = "$(TARGET_NAME)";
				SWIFT_VERSION = 4.2;
				TARGETED_DEVICE_FAMILY = "1,2";
			};
			name = Debug;
		};
		377AAA9E219775AD0063667B /* Release */ = {
			isa = XCBuildConfiguration;
			buildSettings = {
				ASSETCATALOG_COMPILER_APPICON_NAME = AppIcon;
				CODE_SIGN_STYLE = Automatic;
				DEVELOPMENT_TEAM = FBUU23VBFN;
				INFOPLIST_FILE = ClientSideCSS/Info.plist;
				IPHONEOS_DEPLOYMENT_TARGET = 10.3;
				LD_RUNPATH_SEARCH_PATHS = (
					"$(inherited)",
					"@executable_path/Frameworks",
				);
				PRODUCT_BUNDLE_IDENTIFIER = org.gkbrown.ClientSideCSS;
				PRODUCT_NAME = "$(TARGET_NAME)";
				SWIFT_VERSION = 4.2;
				TARGETED_DEVICE_FAMILY = "1,2";
			};
			name = Release;
		};
		377AAAB4219775ED0063667B /* Debug */ = {
			isa = XCBuildConfiguration;
			buildSettings = {
				ASSETCATALOG_COMPILER_APPICON_NAME = AppIcon;
				CODE_SIGN_STYLE = Automatic;
				DEVELOPMENT_TEAM = FBUU23VBFN;
				FRAMEWORK_SEARCH_PATHS = (
					"$(inherited)",
					"$(PROJECT_DIR)",
				);
				INFOPLIST_FILE = ResponseDataCache/Info.plist;
				IPHONEOS_DEPLOYMENT_TARGET = 10.3;
				LD_RUNPATH_SEARCH_PATHS = (
					"$(inherited)",
					"@executable_path/Frameworks",
				);
				PRODUCT_BUNDLE_IDENTIFIER = org.gkbrown.ResponseDataCache;
				PRODUCT_NAME = "$(TARGET_NAME)";
				SWIFT_VERSION = 4.2;
				TARGETED_DEVICE_FAMILY = "1,2";
			};
			name = Debug;
		};
		377AAAB5219775ED0063667B /* Release */ = {
			isa = XCBuildConfiguration;
			buildSettings = {
				ASSETCATALOG_COMPILER_APPICON_NAME = AppIcon;
				CODE_SIGN_STYLE = Automatic;
				DEVELOPMENT_TEAM = FBUU23VBFN;
				FRAMEWORK_SEARCH_PATHS = (
					"$(inherited)",
					"$(PROJECT_DIR)",
				);
				INFOPLIST_FILE = ResponseDataCache/Info.plist;
				IPHONEOS_DEPLOYMENT_TARGET = 10.3;
				LD_RUNPATH_SEARCH_PATHS = (
					"$(inherited)",
					"@executable_path/Frameworks",
				);
				PRODUCT_BUNDLE_IDENTIFIER = org.gkbrown.ResponseDataCache;
				PRODUCT_NAME = "$(TARGET_NAME)";
				SWIFT_VERSION = 4.2;
				TARGETED_DEVICE_FAMILY = "1,2";
			};
			name = Release;
		};
		3787B6B52198503B00CD4221 /* Debug */ = {
			isa = XCBuildConfiguration;
			buildSettings = {
				ASSETCATALOG_COMPILER_APPICON_NAME = AppIcon;
				CODE_SIGN_STYLE = Automatic;
				DEVELOPMENT_TEAM = FBUU23VBFN;
				FRAMEWORK_SEARCH_PATHS = (
					"$(inherited)",
					"$(PROJECT_DIR)",
				);
				INFOPLIST_FILE = BarcodeScanner/Info.plist;
				IPHONEOS_DEPLOYMENT_TARGET = 10.3;
				LD_RUNPATH_SEARCH_PATHS = (
					"$(inherited)",
					"@executable_path/Frameworks",
				);
				PRODUCT_BUNDLE_IDENTIFIER = org.gkbrown.BarcodeScanner;
				PRODUCT_NAME = "$(TARGET_NAME)";
				SWIFT_VERSION = 4.2;
				TARGETED_DEVICE_FAMILY = "1,2";
			};
			name = Debug;
		};
		3787B6B62198503B00CD4221 /* Release */ = {
			isa = XCBuildConfiguration;
			buildSettings = {
				ASSETCATALOG_COMPILER_APPICON_NAME = AppIcon;
				CODE_SIGN_STYLE = Automatic;
				DEVELOPMENT_TEAM = FBUU23VBFN;
				FRAMEWORK_SEARCH_PATHS = (
					"$(inherited)",
					"$(PROJECT_DIR)",
				);
				INFOPLIST_FILE = BarcodeScanner/Info.plist;
				IPHONEOS_DEPLOYMENT_TARGET = 10.3;
				LD_RUNPATH_SEARCH_PATHS = (
					"$(inherited)",
					"@executable_path/Frameworks",
				);
				PRODUCT_BUNDLE_IDENTIFIER = org.gkbrown.BarcodeScanner;
				PRODUCT_NAME = "$(TARGET_NAME)";
				SWIFT_VERSION = 4.2;
				TARGETED_DEVICE_FAMILY = "1,2";
			};
			name = Release;
		};
		37D90DF1219756FD00F03292 /* Debug */ = {
			isa = XCBuildConfiguration;
			buildSettings = {
				ASSETCATALOG_COMPILER_APPICON_NAME = AppIcon;
				CODE_SIGN_STYLE = Automatic;
				DEVELOPMENT_TEAM = FBUU23VBFN;
				FRAMEWORK_SEARCH_PATHS = (
					"$(inherited)",
					"$(PROJECT_DIR)",
				);
				INFOPLIST_FILE = TableViewImages/Info.plist;
				IPHONEOS_DEPLOYMENT_TARGET = 10.3;
				LD_RUNPATH_SEARCH_PATHS = (
					"$(inherited)",
					"@executable_path/Frameworks",
				);
				PRODUCT_BUNDLE_IDENTIFIER = org.gkbrown.TableViewImages;
				PRODUCT_NAME = "$(TARGET_NAME)";
				SWIFT_VERSION = 4.2;
				TARGETED_DEVICE_FAMILY = "1,2";
			};
			name = Debug;
		};
		37D90DF2219756FD00F03292 /* Release */ = {
			isa = XCBuildConfiguration;
			buildSettings = {
				ASSETCATALOG_COMPILER_APPICON_NAME = AppIcon;
				CODE_SIGN_STYLE = Automatic;
				DEVELOPMENT_TEAM = FBUU23VBFN;
				FRAMEWORK_SEARCH_PATHS = (
					"$(inherited)",
					"$(PROJECT_DIR)",
				);
				INFOPLIST_FILE = TableViewImages/Info.plist;
				IPHONEOS_DEPLOYMENT_TARGET = 10.3;
				LD_RUNPATH_SEARCH_PATHS = (
					"$(inherited)",
					"@executable_path/Frameworks",
				);
				PRODUCT_BUNDLE_IDENTIFIER = org.gkbrown.TableViewImages;
				PRODUCT_NAME = "$(TARGET_NAME)";
				SWIFT_VERSION = 4.2;
				TARGETED_DEVICE_FAMILY = "1,2";
			};
			name = Release;
		};
		37E9BE9C2197448400BEE762 /* Debug */ = {
			isa = XCBuildConfiguration;
			buildSettings = {
				ASSETCATALOG_COMPILER_APPICON_NAME = AppIcon;
				CODE_SIGN_STYLE = Automatic;
				DEVELOPMENT_TEAM = FBUU23VBFN;
				FRAMEWORK_SEARCH_PATHS = (
					"$(inherited)",
					"$(PROJECT_DIR)",
				);
				INFOPLIST_FILE = AutoComplete/Info.plist;
				IPHONEOS_DEPLOYMENT_TARGET = 10.3;
				LD_RUNPATH_SEARCH_PATHS = (
					"$(inherited)",
					"@executable_path/Frameworks",
				);
				PRODUCT_BUNDLE_IDENTIFIER = org.gkbrown.AutoComplete;
				PRODUCT_NAME = "$(TARGET_NAME)";
				SWIFT_VERSION = 4.2;
				TARGETED_DEVICE_FAMILY = "1,2";
			};
			name = Debug;
		};
		37E9BE9D2197448400BEE762 /* Release */ = {
			isa = XCBuildConfiguration;
			buildSettings = {
				ASSETCATALOG_COMPILER_APPICON_NAME = AppIcon;
				CODE_SIGN_STYLE = Automatic;
				DEVELOPMENT_TEAM = FBUU23VBFN;
				FRAMEWORK_SEARCH_PATHS = (
					"$(inherited)",
					"$(PROJECT_DIR)",
				);
				INFOPLIST_FILE = AutoComplete/Info.plist;
				IPHONEOS_DEPLOYMENT_TARGET = 10.3;
				LD_RUNPATH_SEARCH_PATHS = (
					"$(inherited)",
					"@executable_path/Frameworks",
				);
				PRODUCT_BUNDLE_IDENTIFIER = org.gkbrown.AutoComplete;
				PRODUCT_NAME = "$(TARGET_NAME)";
				SWIFT_VERSION = 4.2;
				TARGETED_DEVICE_FAMILY = "1,2";
			};
			name = Release;
		};
/* End XCBuildConfiguration section */

/* Begin XCConfigurationList section */
		370873AE21972F4B00A025D2 /* Build configuration list for PBXProject "iOS-Examples" */ = {
			isa = XCConfigurationList;
			buildConfigurations = (
				370873C321972F4C00A025D2 /* Debug */,
				370873C421972F4C00A025D2 /* Release */,
			);
			defaultConfigurationIsVisible = 0;
			defaultConfigurationName = Release;
		};
		37684E0E2197377400DA446C /* Build configuration list for PBXNativeTarget "ActivityIndicator" */ = {
			isa = XCConfigurationList;
			buildConfigurations = (
				37684E0F2197377400DA446C /* Debug */,
				37684E102197377400DA446C /* Release */,
			);
			defaultConfigurationIsVisible = 0;
			defaultConfigurationName = Release;
		};
		377AAA9F219775AD0063667B /* Build configuration list for PBXNativeTarget "ClientSideCSS" */ = {
			isa = XCConfigurationList;
			buildConfigurations = (
				377AAA9D219775AD0063667B /* Debug */,
				377AAA9E219775AD0063667B /* Release */,
			);
			defaultConfigurationIsVisible = 0;
			defaultConfigurationName = Release;
		};
		377AAAB3219775ED0063667B /* Build configuration list for PBXNativeTarget "ResponseDataCache" */ = {
			isa = XCConfigurationList;
			buildConfigurations = (
				377AAAB4219775ED0063667B /* Debug */,
				377AAAB5219775ED0063667B /* Release */,
			);
			defaultConfigurationIsVisible = 0;
			defaultConfigurationName = Release;
		};
		3787B6B72198503B00CD4221 /* Build configuration list for PBXNativeTarget "BarcodeScanner" */ = {
			isa = XCConfigurationList;
			buildConfigurations = (
				3787B6B52198503B00CD4221 /* Debug */,
				3787B6B62198503B00CD4221 /* Release */,
			);
			defaultConfigurationIsVisible = 0;
			defaultConfigurationName = Release;
		};
		37D90DF3219756FD00F03292 /* Build configuration list for PBXNativeTarget "TableViewImages" */ = {
			isa = XCConfigurationList;
			buildConfigurations = (
				37D90DF1219756FD00F03292 /* Debug */,
				37D90DF2219756FD00F03292 /* Release */,
			);
			defaultConfigurationIsVisible = 0;
			defaultConfigurationName = Release;
		};
		37E9BE9B2197448400BEE762 /* Build configuration list for PBXNativeTarget "AutoComplete" */ = {
			isa = XCConfigurationList;
			buildConfigurations = (
				37E9BE9C2197448400BEE762 /* Debug */,
				37E9BE9D2197448400BEE762 /* Release */,
			);
			defaultConfigurationIsVisible = 0;
			defaultConfigurationName = Release;
		};
/* End XCConfigurationList section */
	};
	rootObject = 370873AB21972F4B00A025D2 /* Project object */;
}
